{
  "version": 4,
  "terraform_version": "1.3.1",
  "serial": 8,
  "lineage": "287eb85a-dc88-b7b9-5b3b-ffc86902ed35",
  "outputs": {},
  "resources": [
    {
      "mode": "managed",
      "type": "google_app_engine_application",
      "name": "test",
      "provider": "provider[\"registry.terraform.io/hashicorp/google\"]",
      "instances": [
        {
          "schema_version": 0,
          "attributes": {
            "app_id": "test-553",
            "auth_domain": "gmail.com",
            "code_bucket": "staging.test-553.appspot.com",
            "database_type": "CLOUD_DATASTORE_COMPATIBILITY",
            "default_bucket": "test-553.appspot.com",
            "default_hostname": "test-553.uc.r.appspot.com",
            "feature_settings": [
              {
                "split_health_checks": true
              }
            ],
            "gcr_domain": "us.gcr.io",
            "iap": [],
            "id": "test-553",
            "location_id": "us-central",
            "name": "apps/test-553",
            "project": "test-553",
            "serving_status": "SERVING",
            "timeouts": null,
            "url_dispatch_rule": []
          },
          "sensitive_attributes": [],
          "private": "eyJlMmJmYjczMC1lY2FhLTExZTYtOGY4OC0zNDM2M2JjN2M0YzAiOnsiY3JlYXRlIjoyNDAwMDAwMDAwMDAsInVwZGF0ZSI6MjQwMDAwMDAwMDAwfX0="
        }
      ]
    }
  ],
  "check_results": []
}
